
Microsoft Visual Studio Solution File, Format Version 12.00
# Visual Studio Version 16
VisualStudioVersion = 16.0.29519.181
MinimumVisualStudioVersion = 10.0.40219.1
Project("{9A19103F-16F7-4668-BE54-9A1E7A4F7556}") = "SolutionCleaner.Portal", "Src\SolutionCleaner.Portal\SolutionCleaner.Portal.csproj", "{F96EF98C-E8B8-4D99-92DD-C63B002C8E94}"
EndProject
Project("{FAE04EC0-301F-11D3-BF4B-00C04F79EFBC}") = "SolutionCleaner.Core", "Src\SolutionCleaner.Core\SolutionCleaner.Core.csproj", "{9462CE25-D6BC-4EAE-9B72-12E31ED9CC7C}"
EndProject
Global
	GlobalSection(SolutionConfigurationPlatforms) = preSolution
		Debug|Any CPU = Debug|Any CPU
		Release|Any CPU = Release|Any CPU
	EndGlobalSection
	GlobalSection(ProjectConfigurationPlatforms) = postSolution
		{F96EF98C-E8B8-4D99-92DD-C63B002C8E94}.Debug|Any CPU.ActiveCfg = Debug|Any CPU
		{F96EF98C-E8B8-4D99-92DD-C63B002C8E94}.Debug|Any CPU.Build.0 = Debug|Any CPU
		{F96EF98C-E8B8-4D99-92DD-C63B002C8E94}.Release|Any CPU.ActiveCfg = Release|Any CPU
		{F96EF98C-E8B8-4D99-92DD-C63B002C8E94}.Release|Any CPU.Build.0 = Release|Any CPU
		{9462CE25-D6BC-4EAE-9B72-12E31ED9CC7C}.Debug|Any CPU.ActiveCfg = Debug|Any CPU
		{9462CE25-D6BC-4EAE-9B72-12E31ED9CC7C}.Debug|Any CPU.Build.0 = Debug|Any CPU
		{9462CE25-D6BC-4EAE-9B72-12E31ED9CC7C}.Release|Any CPU.ActiveCfg = Release|Any CPU
		{9462CE25-D6BC-4EAE-9B72-12E31ED9CC7C}.Release|Any CPU.Build.0 = Release|Any CPU
	EndGlobalSection
	GlobalSection(SolutionProperties) = preSolution
		HideSolutionNode = FALSE
	EndGlobalSection
	GlobalSection(ExtensibilityGlobals) = postSolution
		SolutionGuid = {4A15681D-D5A3-4387-9A5D-515B54E42023}
	EndGlobalSection
EndGlobal
